
Microsoft Visual Studio Solution File, Format Version 12.00
# Visual Studio Version 17
VisualStudioVersion = 17.0.31903.59
MinimumVisualStudioVersion = 10.0.40219.1
Project("{9A19103F-16F7-4668-BE54-9A1E7A4F7556}") = "AspNet_MediatR_Demo", "AspNet_MediatR_Demo\AspNet_MediatR_Demo.csproj", "{50196649-F959-4E85-A886-484D592B9A1F}"
EndProject
Project("{9A19103F-16F7-4668-BE54-9A1E7A4F7556}") = "AspNet_MeditR_Tests", "AspNet_MeditR_Tests\AspNet_MeditR_Tests.csproj", "{D1A68D37-02A1-440C-A302-F83FE224001C}"
EndProject
Global
	GlobalSection(SolutionConfigurationPlatforms) = preSolution
		Debug|Any CPU = Debug|Any CPU
		Release|Any CPU = Release|Any CPU
	EndGlobalSection
	GlobalSection(ProjectConfigurationPlatforms) = postSolution
		{50196649-F959-4E85-A886-484D592B9A1F}.Debug|Any CPU.ActiveCfg = Debug|Any CPU
		{50196649-F959-4E85-A886-484D592B9A1F}.Debug|Any CPU.Build.0 = Debug|Any CPU
		{50196649-F959-4E85-A886-484D592B9A1F}.Release|Any CPU.ActiveCfg = Release|Any CPU
		{50196649-F959-4E85-A886-484D592B9A1F}.Release|Any CPU.Build.0 = Release|Any CPU
		{D1A68D37-02A1-440C-A302-F83FE224001C}.Debug|Any CPU.ActiveCfg = Debug|Any CPU
		{D1A68D37-02A1-440C-A302-F83FE224001C}.Debug|Any CPU.Build.0 = Debug|Any CPU
		{D1A68D37-02A1-440C-A302-F83FE224001C}.Release|Any CPU.ActiveCfg = Release|Any CPU
		{D1A68D37-02A1-440C-A302-F83FE224001C}.Release|Any CPU.Build.0 = Release|Any CPU
	EndGlobalSection
	GlobalSection(SolutionProperties) = preSolution
		HideSolutionNode = FALSE
	EndGlobalSection
	GlobalSection(ExtensibilityGlobals) = postSolution
		SolutionGuid = {2A754ED3-1773-4032-B56A-21741630BB9E}
	EndGlobalSection
EndGlobal
